
Microsoft Visual Studio Solution File, Format Version 12.00
# Visual Studio Version 17
VisualStudioVersion = 17.0.32014.148
MinimumVisualStudioVersion = 10.0.40219.1
Project("{9A19103F-16F7-4668-BE54-9A1E7A4F7556}") = "BilibiliCommentSpider", "BilibiliCommentSpider.csproj", "{B4766DED-5BE3-4A2D-9290-EF42FA91D25D}"
EndProject
Project("{2150E333-8FDC-42A3-9474-1A3956D46DE8}") = "Solution Items", "Solution Items", "{B9862701-ABAB-4366-A21D-4F4556821DDF}"
	ProjectSection(SolutionItems) = preProject
		readme.md = readme.md
	EndProjectSection
EndProject
Global
	GlobalSection(SolutionConfigurationPlatforms) = preSolution
		Debug|Any CPU = Debug|Any CPU
		Release|Any CPU = Release|Any CPU
	EndGlobalSection
	GlobalSection(ProjectConfigurationPlatforms) = postSolution
		{B4766DED-5BE3-4A2D-9290-EF42FA91D25D}.Debug|Any CPU.ActiveCfg = Debug|Any CPU
		{B4766DED-5BE3-4A2D-9290-EF42FA91D25D}.Debug|Any CPU.Build.0 = Debug|Any CPU
		{B4766DED-5BE3-4A2D-9290-EF42FA91D25D}.Release|Any CPU.ActiveCfg = Release|Any CPU
		{B4766DED-5BE3-4A2D-9290-EF42FA91D25D}.Release|Any CPU.Build.0 = Release|Any CPU
	EndGlobalSection
	GlobalSection(SolutionProperties) = preSolution
		HideSolutionNode = FALSE
	EndGlobalSection
	GlobalSection(ExtensibilityGlobals) = postSolution
		SolutionGuid = {BCE0E43F-D7FB-46FD-AC11-287EDA5D175A}
	EndGlobalSection
EndGlobal
